// !$*UTF8*$!
{
	archiveVersion = 1;
	classes = {
	};
	objectVersion = 56;
	objects = {

/* Begin PBXBuildFile section */
		2426F1722BECAAB600EFD304 /* ProfileApp.swift in Sources */ = {isa = PBXBuildFile; fileRef = 2426F1712BECAAB600EFD304 /* ProfileApp.swift */; };
		2426F1742BECAAB600EFD304 /* ContentView.swift in Sources */ = {isa = PBXBuildFile; fileRef = 2426F1732BECAAB600EFD304 /* ContentView.swift */; };
		2426F1762BECAAB600EFD304 /* Item.swift in Sources */ = {isa = PBXBuildFile; fileRef = 2426F1752BECAAB600EFD304 /* Item.swift */; };
		2426F1782BECAAB700EFD304 /* Assets.xcassets in Resources */ = {isa = PBXBuildFile; fileRef = 2426F1772BECAAB700EFD304 /* Assets.xcassets */; };
		2426F17B2BECAAB700EFD304 /* Preview Assets.xcassets in Resources */ = {isa = PBXBuildFile; fileRef = 2426F17A2BECAAB700EFD304 /* Preview Assets.xcassets */; };
		2426F1852BECAAB800EFD304 /* ProfileTests.swift in Sources */ = {isa = PBXBuildFile; fileRef = 2426F1842BECAAB800EFD304 /* ProfileTests.swift */; };
		2426F18F2BECAAB800EFD304 /* ProfileUITests.swift in Sources */ = {isa = PBXBuildFile; fileRef = 2426F18E2BECAAB800EFD304 /* ProfileUITests.swift */; };
		2426F1912BECAAB800EFD304 /* ProfileUITestsLaunchTests.swift in Sources */ = {isa = PBXBuildFile; fileRef = 2426F1902BECAAB800EFD304 /* ProfileUITestsLaunchTests.swift */; };
/* End PBXBuildFile section */

/* Begin PBXContainerItemProxy section */
		2426F1812BECAAB800EFD304 /* PBXContainerItemProxy */ = {
			isa = PBXContainerItemProxy;
			containerPortal = 2426F1662BECAAB600EFD304 /* Project object */;
			proxyType = 1;
			remoteGlobalIDString = 2426F16D2BECAAB600EFD304;
			remoteInfo = Profile;
		};
		2426F18B2BECAAB800EFD304 /* PBXContainerItemProxy */ = {
			isa = PBXContainerItemProxy;
			containerPortal = 2426F1662BECAAB600EFD304 /* Project object */;
			proxyType = 1;
			remoteGlobalIDString = 2426F16D2BECAAB600EFD304;
			remoteInfo = Profile;
		};
/* End PBXContainerItemProxy section */

/* Begin PBXFileReference section */
		2426F16E2BECAAB600EFD304 /* Profile.app */ = {isa = PBXFileReference; explicitFileType = wrapper.application; includeInIndex = 0; path = Profile.app; sourceTree = BUILT_PRODUCTS_DIR; };
		2426F1712BECAAB600EFD304 /* ProfileApp.swift */ = {isa = PBXFileReference; lastKnownFileType = sourcecode.swift; path = ProfileApp.swift; sourceTree = "<group>"; };
		2426F1732BECAAB600EFD304 /* ContentView.swift */ = {isa = PBXFileReference; lastKnownFileType = sourcecode.swift; path = ContentView.swift; sourceTree = "<group>"; };
		2426F1752BECAAB600EFD304 /* Item.swift */ = {isa = PBXFileReference; lastKnownFileType = sourcecode.swift; path = Item.swift; sourceTree = "<group>"; };
		2426F1772BECAAB700EFD304 /* Assets.xcassets */ = {isa = PBXFileReference; lastKnownFileType = folder.assetcatalog; path = Assets.xcassets; sourceTree = "<group>"; };
		2426F17A2BECAAB700EFD304 /* Preview Assets.xcassets */ = {isa = PBXFileReference; lastKnownFileType = folder.assetcatalog; path = "Preview Assets.xcassets"; sourceTree = "<group>"; };
		2426F1802BECAAB800EFD304 /* ProfileTests.xctest */ = {isa = PBXFileReference; explicitFileType = wrapper.cfbundle; includeInIndex = 0; path = ProfileTests.xctest; sourceTree = BUILT_PRODUCTS_DIR; };
		2426F1842BECAAB800EFD304 /* ProfileTests.swift */ = {isa = PBXFileReference; lastKnownFileType = sourcecode.swift; path = ProfileTests.swift; sourceTree = "<group>"; };
		2426F18A2BECAAB800EFD304 /* ProfileUITests.xctest */ = {isa = PBXFileReference; explicitFileType = wrapper.cfbundle; includeInIndex = 0; path = ProfileUITests.xctest; sourceTree = BUILT_PRODUCTS_DIR; };
		2426F18E2BECAAB800EFD304 /* ProfileUITests.swift */ = {isa = PBXFileReference; lastKnownFileType = sourcecode.swift; path = ProfileUITests.swift; sourceTree = "<group>"; };
		2426F1902BECAAB800EFD304 /* ProfileUITestsLaunchTests.swift */ = {isa = PBXFileReference; lastKnownFileType = sourcecode.swift; path = ProfileUITestsLaunchTests.swift; sourceTree = "<group>"; };
/* End PBXFileReference section */

/* Begin PBXFrameworksBuildPhase section */
		2426F16B2BECAAB600EFD304 /* Frameworks */ = {
			isa = PBXFrameworksBuildPhase;
			buildActionMask = 2147483647;
			files = (
			);
			runOnlyForDeploymentPostprocessing = 0;
		};
		2426F17D2BECAAB800EFD304 /* Frameworks */ = {
			isa = PBXFrameworksBuildPhase;
			buildActionMask = 2147483647;
			files = (
			);
			runOnlyForDeploymentPostprocessing = 0;
		};
		2426F1872BECAAB800EFD304 /* Frameworks */ = {
			isa = PBXFrameworksBuildPhase;
			buildActionMask = 2147483647;
			files = (
			);
			runOnlyForDeploymentPostprocessing = 0;
		};
/* End PBXFrameworksBuildPhase section */

/* Begin PBXGroup section */
		2426F1652BECAAB600EFD304 = {
			isa = PBXGroup;
			children = (
				2426F1702BECAAB600EFD304 /* Profile */,
				2426F1832BECAAB800EFD304 /* ProfileTests */,
				2426F18D2BECAAB800EFD304 /* ProfileUITests */,
				2426F16F2BECAAB600EFD304 /* Products */,
			);
			sourceTree = "<group>";
		};
		2426F16F2BECAAB600EFD304 /* Products */ = {
			isa = PBXGroup;
			children = (
				2426F16E2BECAAB600EFD304 /* Profile.app */,
				2426F1802BECAAB800EFD304 /* ProfileTests.xctest */,
				2426F18A2BECAAB800EFD304 /* ProfileUITests.xctest */,
			);
			name = Products;
			sourceTree = "<group>";
		};
		2426F1702BECAAB600EFD304 /* Profile */ = {
			isa = PBXGroup;
			children = (
				2426F1712BECAAB600EFD304 /* ProfileApp.swift */,
				2426F1732BECAAB600EFD304 /* ContentView.swift */,
				2426F1752BECAAB600EFD304 /* Item.swift */,
				2426F1772BECAAB700EFD304 /* Assets.xcassets */,
				2426F1792BECAAB700EFD304 /* Preview Content */,
			);
			path = Profile;
			sourceTree = "<group>";
		};
		2426F1792BECAAB700EFD304 /* Preview Content */ = {
			isa = PBXGroup;
			children = (
				2426F17A2BECAAB700EFD304 /* Preview Assets.xcassets */,
			);
			path = "Preview Content";
			sourceTree = "<group>";
		};
		2426F1832BECAAB800EFD304 /* ProfileTests */ = {
			isa = PBXGroup;
			children = (
				2426F1842BECAAB800EFD304 /* ProfileTests.swift */,
			);
			path = ProfileTests;
			sourceTree = "<group>";
		};
		2426F18D2BECAAB800EFD304 /* ProfileUITests */ = {
			isa = PBXGroup;
			children = (
				2426F18E2BECAAB800EFD304 /* ProfileUITests.swift */,
				2426F1902BECAAB800EFD304 /* ProfileUITestsLaunchTests.swift */,
			);
			path = ProfileUITests;
			sourceTree = "<group>";
		};
/* End PBXGroup section */

/* Begin PBXNativeTarget section */
		2426F16D2BECAAB600EFD304 /* Profile */ = {
			isa = PBXNativeTarget;
			buildConfigurationList = 2426F1942BECAAB800EFD304 /* Build configuration list for PBXNativeTarget "Profile" */;
			buildPhases = (
				2426F16A2BECAAB600EFD304 /* Sources */,
				2426F16B2BECAAB600EFD304 /* Frameworks */,
				2426F16C2BECAAB600EFD304 /* Resources */,
			);
			buildRules = (
			);
			dependencies = (
			);
			name = Profile;
			productName = Profile;
			productReference = 2426F16E2BECAAB600EFD304 /* Profile.app */;
			productType = "com.apple.product-type.application";
		};
		2426F17F2BECAAB800EFD304 /* ProfileTests */ = {
			isa = PBXNativeTarget;
			buildConfigurationList = 2426F1972BECAAB800EFD304 /* Build configuration list for PBXNativeTarget "ProfileTests" */;
			buildPhases = (
				2426F17C2BECAAB800EFD304 /* Sources */,
				2426F17D2BECAAB800EFD304 /* Frameworks */,
				2426F17E2BECAAB800EFD304 /* Resources */,
			);
			buildRules = (
			);
			dependencies = (
				2426F1822BECAAB800EFD304 /* PBXTargetDependency */,
			);
			name = ProfileTests;
			productName = ProfileTests;
			productReference = 2426F1802BECAAB800EFD304 /* ProfileTests.xctest */;
			productType = "com.apple.product-type.bundle.unit-test";
		};
		2426F1892BECAAB800EFD304 /* ProfileUITests */ = {
			isa = PBXNativeTarget;
			buildConfigurationList = 2426F19A2BECAAB800EFD304 /* Build configuration list for PBXNativeTarget "ProfileUITests" */;
			buildPhases = (
				2426F1862BECAAB800EFD304 /* Sources */,
				2426F1872BECAAB800EFD304 /* Frameworks */,
				2426F1882BECAAB800EFD304 /* Resources */,
			);
			buildRules = (
			);
			dependencies = (
				2426F18C2BECAAB800EFD304 /* PBXTargetDependency */,
			);
			name = ProfileUITests;
			productName = ProfileUITests;
			productReference = 2426F18A2BECAAB800EFD304 /* ProfileUITests.xctest */;
			productType = "com.apple.product-type.bundle.ui-testing";
		};
/* End PBXNativeTarget section */

/* Begin PBXProject section */
		2426F1662BECAAB600EFD304 /* Project object */ = {
			isa = PBXProject;
			attributes = {
				BuildIndependentTargetsInParallel = 1;
				LastSwiftUpdateCheck = 1520;
				LastUpgradeCheck = 1520;
				TargetAttributes = {
					2426F16D2BECAAB600EFD304 = {
						CreatedOnToolsVersion = 15.2;
					};
					2426F17F2BECAAB800EFD304 = {
						CreatedOnToolsVersion = 15.2;
						TestTargetID = 2426F16D2BECAAB600EFD304;
					};
					2426F1892BECAAB800EFD304 = {
						CreatedOnToolsVersion = 15.2;
						TestTargetID = 2426F16D2BECAAB600EFD304;
					};
				};
			};
			buildConfigurationList = 2426F1692BECAAB600EFD304 /* Build configuration list for PBXProject "Profile" */;
			compatibilityVersion = "Xcode 14.0";
			developmentRegion = en;
			hasScannedForEncodings = 0;
			knownRegions = (
				en,
				Base,
			);
			mainGroup = 2426F1652BECAAB600EFD304;
			productRefGroup = 2426F16F2BECAAB600EFD304 /* Products */;
			projectDirPath = "";
			projectRoot = "";
			targets = (
				2426F16D2BECAAB600EFD304 /* Profile */,
				2426F17F2BECAAB800EFD304 /* ProfileTests */,
				2426F1892BECAAB800EFD304 /* ProfileUITests */,
			);
		};
/* End PBXProject section */

/* Begin PBXResourcesBuildPhase section */
		2426F16C2BECAAB600EFD304 /* Resources */ = {
			isa = PBXResourcesBuildPhase;
			buildActionMask = 2147483647;
			files = (
				2426F17B2BECAAB700EFD304 /* Preview Assets.xcassets in Resources */,
				2426F1782BECAAB700EFD304 /* Assets.xcassets in Resources */,
			);
			runOnlyForDeploymentPostprocessing = 0;
		};
		2426F17E2BECAAB800EFD304 /* Resources */ = {
			isa = PBXResourcesBuildPhase;
			buildActionMask = 2147483647;
			files = (
			);
			runOnlyForDeploymentPostprocessing = 0;
		};
		2426F1882BECAAB800EFD304 /* Resources */ = {
			isa = PBXResourcesBuildPhase;
			buildActionMask = 2147483647;
			files = (
			);
			runOnlyForDeploymentPostprocessing = 0;
		};
/* End PBXResourcesBuildPhase section */

/* Begin PBXSourcesBuildPhase section */
		2426F16A2BECAAB600EFD304 /* Sources */ = {
			isa = PBXSourcesBuildPhase;
			buildActionMask = 2147483647;
			files = (
				2426F1742BECAAB600EFD304 /* ContentView.swift in Sources */,
				2426F1762BECAAB600EFD304 /* Item.swift in Sources */,
				2426F1722BECAAB600EFD304 /* ProfileApp.swift in Sources */,
			);
			runOnlyForDeploymentPostprocessing = 0;
		};
		2426F17C2BECAAB800EFD304 /* Sources */ = {
			isa = PBXSourcesBuildPhase;
			buildActionMask = 2147483647;
			files = (
				2426F1852BECAAB800EFD304 /* ProfileTests.swift in Sources */,
			);
			runOnlyForDeploymentPostprocessing = 0;
		};
		2426F1862BECAAB800EFD304 /* Sources */ = {
			isa = PBXSourcesBuildPhase;
			buildActionMask = 2147483647;
			files = (
				2426F1912BECAAB800EFD304 /* ProfileUITestsLaunchTests.swift in Sources */,
				2426F18F2BECAAB800EFD304 /* ProfileUITests.swift in Sources */,
			);
			runOnlyForDeploymentPostprocessing = 0;
		};
/* End PBXSourcesBuildPhase section */

/* Begin PBXTargetDependency section */
		2426F1822BECAAB800EFD304 /* PBXTargetDependency */ = {
			isa = PBXTargetDependency;
			target = 2426F16D2BECAAB600EFD304 /* Profile */;
			targetProxy = 2426F1812BECAAB800EFD304 /* PBXContainerItemProxy */;
		};
		2426F18C2BECAAB800EFD304 /* PBXTargetDependency */ = {
			isa = PBXTargetDependency;
			target = 2426F16D2BECAAB600EFD304 /* Profile */;
			targetProxy = 2426F18B2BECAAB800EFD304 /* PBXContainerItemProxy */;
		};
/* End PBXTargetDependency section */

/* Begin XCBuildConfiguration section */
		2426F1922BECAAB800EFD304 /* Debug */ = {
			isa = XCBuildConfiguration;
			buildSettings = {
				ALWAYS_SEARCH_USER_PATHS = NO;
				ASSETCATALOG_COMPILER_GENERATE_SWIFT_ASSET_SYMBOL_EXTENSIONS = YES;
				CLANG_ANALYZER_NONNULL = YES;
				CLANG_ANALYZER_NUMBER_OBJECT_CONVERSION = YES_AGGRESSIVE;
				CLANG_CXX_LANGUAGE_STANDARD = "gnu++20";
				CLANG_ENABLE_MODULES = YES;
				CLANG_ENABLE_OBJC_ARC = YES;
				CLANG_ENABLE_OBJC_WEAK = YES;
				CLANG_WARN_BLOCK_CAPTURE_AUTORELEASING = YES;
				CLANG_WARN_BOOL_CONVERSION = YES;
				CLANG_WARN_COMMA = YES;
				CLANG_WARN_CONSTANT_CONVERSION = YES;
				CLANG_WARN_DEPRECATED_OBJC_IMPLEMENTATIONS = YES;
				CLANG_WARN_DIRECT_OBJC_ISA_USAGE = YES_ERROR;
				CLANG_WARN_DOCUMENTATION_COMMENTS = YES;
				CLANG_WARN_EMPTY_BODY = YES;
				CLANG_WARN_ENUM_CONVERSION = YES;
				CLANG_WARN_INFINITE_RECURSION = YES;
				CLANG_WARN_INT_CONVERSION = YES;
				CLANG_WARN_NON_LITERAL_NULL_CONVERSION = YES;
				CLANG_WARN_OBJC_IMPLICIT_RETAIN_SELF = YES;
				CLANG_WARN_OBJC_LITERAL_CONVERSION = YES;
				CLANG_WARN_OBJC_ROOT_CLASS = YES_ERROR;
				CLANG_WARN_QUOTED_INCLUDE_IN_FRAMEWORK_HEADER = YES;
				CLANG_WARN_RANGE_LOOP_ANALYSIS = YES;
				CLANG_WARN_STRICT_PROTOTYPES = YES;
				CLANG_WARN_SUSPICIOUS_MOVE = YES;
				CLANG_WARN_UNGUARDED_AVAILABILITY = YES_AGGRESSIVE;
				CLANG_WARN_UNREACHABLE_CODE = YES;
				CLANG_WARN__DUPLICATE_METHOD_MATCH = YES;
				COPY_PHASE_STRIP = NO;
				DEBUG_INFORMATION_FORMAT = dwarf;
				ENABLE_STRICT_OBJC_MSGSEND = YES;
				ENABLE_TESTABILITY = YES;
				ENABLE_USER_SCRIPT_SANDBOXING = YES;
				GCC_C_LANGUAGE_STANDARD = gnu17;
				GCC_DYNAMIC_NO_PIC = NO;
				GCC_NO_COMMON_BLOCKS = YES;
				GCC_OPTIMIZATION_LEVEL = 0;
				GCC_PREPROCESSOR_DEFINITIONS = (
					"DEBUG=1",
					"$(inherited)",
				);
				GCC_WARN_64_TO_32_BIT_CONVERSION = YES;
				GCC_WARN_ABOUT_RETURN_TYPE = YES_ERROR;
				GCC_WARN_UNDECLARED_SELECTOR = YES;
				GCC_WARN_UNINITIALIZED_AUTOS = YES_AGGRESSIVE;
				GCC_WARN_UNUSED_FUNCTION = YES;
				GCC_WARN_UNUSED_VARIABLE = YES;
				IPHONEOS_DEPLOYMENT_TARGET = 17.2;
				LOCALIZATION_PREFERS_STRING_CATALOGS = YES;
				MTL_ENABLE_DEBUG_INFO = INCLUDE_SOURCE;
				MTL_FAST_MATH = YES;
				ONLY_ACTIVE_ARCH = YES;
				SDKROOT = iphoneos;
				SWIFT_ACTIVE_COMPILATION_CONDITIONS = "DEBUG $(inherited)";
				SWIFT_OPTIMIZATION_LEVEL = "-Onone";
			};
			name = Debug;
		};
		2426F1932BECAAB800EFD304 /* Release */ = {
			isa = XCBuildConfiguration;
			buildSettings = {
				ALWAYS_SEARCH_USER_PATHS = NO;
				ASSETCATALOG_COMPILER_GENERATE_SWIFT_ASSET_SYMBOL_EXTENSIONS = YES;
				CLANG_ANALYZER_NONNULL = YES;
				CLANG_ANALYZER_NUMBER_OBJECT_CONVERSION = YES_AGGRESSIVE;
				CLANG_CXX_LANGUAGE_STANDARD = "gnu++20";
				CLANG_ENABLE_MODULES = YES;
				CLANG_ENABLE_OBJC_ARC = YES;
				CLANG_ENABLE_OBJC_WEAK = YES;
				CLANG_WARN_BLOCK_CAPTURE_AUTORELEASING = YES;
				CLANG_WARN_BOOL_CONVERSION = YES;
				CLANG_WARN_COMMA = YES;
				CLANG_WARN_CONSTANT_CONVERSION = YES;
				CLANG_WARN_DEPRECATED_OBJC_IMPLEMENTATIONS = YES;
				CLANG_WARN_DIRECT_OBJC_ISA_USAGE = YES_ERROR;
				CLANG_WARN_DOCUMENTATION_COMMENTS = YES;
				CLANG_WARN_EMPTY_BODY = YES;
				CLANG_WARN_ENUM_CONVERSION = YES;
				CLANG_WARN_INFINITE_RECURSION = YES;
				CLANG_WARN_INT_CONVERSION = YES;
				CLANG_WARN_NON_LITERAL_NULL_CONVERSION = YES;
				CLANG_WARN_OBJC_IMPLICIT_RETAIN_SELF = YES;
				CLANG_WARN_OBJC_LITERAL_CONVERSION = YES;
				CLANG_WARN_OBJC_ROOT_CLASS = YES_ERROR;
				CLANG_WARN_QUOTED_INCLUDE_IN_FRAMEWORK_HEADER = YES;
				CLANG_WARN_RANGE_LOOP_ANALYSIS = YES;
				CLANG_WARN_STRICT_PROTOTYPES = YES;
				CLANG_WARN_SUSPICIOUS_MOVE = YES;
				CLANG_WARN_UNGUARDED_AVAILABILITY = YES_AGGRESSIVE;
				CLANG_WARN_UNREACHABLE_CODE = YES;
				CLANG_WARN__DUPLICATE_METHOD_MATCH = YES;
				COPY_PHASE_STRIP = NO;
				DEBUG_INFORMATION_FORMAT = "dwarf-with-dsym";
				ENABLE_NS_ASSERTIONS = NO;
				ENABLE_STRICT_OBJC_MSGSEND = YES;
				ENABLE_USER_SCRIPT_SANDBOXING = YES;
				GCC_C_LANGUAGE_STANDARD = gnu17;
				GCC_NO_COMMON_BLOCKS = YES;
				GCC_WARN_64_TO_32_BIT_CONVERSION = YES;
				GCC_WARN_ABOUT_RETURN_TYPE = YES_ERROR;
				GCC_WARN_UNDECLARED_SELECTOR = YES;
				GCC_WARN_UNINITIALIZED_AUTOS = YES_AGGRESSIVE;
				GCC_WARN_UNUSED_FUNCTION = YES;
				GCC_WARN_UNUSED_VARIABLE = YES;
				IPHONEOS_DEPLOYMENT_TARGET = 17.2;
				LOCALIZATION_PREFERS_STRING_CATALOGS = YES;
				MTL_ENABLE_DEBUG_INFO = NO;
				MTL_FAST_MATH = YES;
				SDKROOT = iphoneos;
				SWIFT_COMPILATION_MODE = wholemodule;
				VALIDATE_PRODUCT = YES;
			};
			name = Release;
		};
		2426F1952BECAAB800EFD304 /* Debug */ = {
			isa = XCBuildConfiguration;
			buildSettings = {
				ASSETCATALOG_COMPILER_APPICON_NAME = AppIcon;
				ASSETCATALOG_COMPILER_GLOBAL_ACCENT_COLOR_NAME = AccentColor;
				CODE_SIGN_STYLE = Automatic;
				CURRENT_PROJECT_VERSION = 1;
				DEVELOPMENT_ASSET_PATHS = "\"Profile/Preview Content\"";
				ENABLE_PREVIEWS = YES;
				GENERATE_INFOPLIST_FILE = YES;
				INFOPLIST_KEY_UIApplicationSceneManifest_Generation = YES;
				INFOPLIST_KEY_UIApplicationSupportsIndirectInputEvents = YES;
				INFOPLIST_KEY_UILaunchScreen_Generation = YES;
				INFOPLIST_KEY_UISupportedInterfaceOrientations_iPad = "UIInterfaceOrientationPortrait UIInterfaceOrientationPortraitUpsideDown UIInterfaceOrientationLandscapeLeft UIInterfaceOrientationLandscapeRight";
				INFOPLIST_KEY_UISupportedInterfaceOrientations_iPhone = "UIInterfaceOrientationPortrait UIInterfaceOrientationLandscapeLeft UIInterfaceOrientationLandscapeRight";
				LD_RUNPATH_SEARCH_PATHS = (
					"$(inherited)",
					"@executable_path/Frameworks",
				);
				MARKETING_VERSION = 1.0;
				PRODUCT_BUNDLE_IDENTIFIER = com.softgene.Profile;
				PRODUCT_NAME = "$(TARGET_NAME)";
				SWIFT_EMIT_LOC_STRINGS = YES;
				SWIFT_VERSION = 5.0;
				TARGETED_DEVICE_FAMILY = "1,2";
			};
			name = Debug;
		};
		2426F1962BECAAB800EFD304 /* Release */ = {
			isa = XCBuildConfiguration;
			buildSettings = {
				ASSETCATALOG_COMPILER_APPICON_NAME = AppIcon;
				ASSETCATALOG_COMPILER_GLOBAL_ACCENT_COLOR_NAME = AccentColor;
				CODE_SIGN_STYLE = Automatic;
				CURRENT_PROJECT_VERSION = 1;
				DEVELOPMENT_ASSET_PATHS = "\"Profile/Preview Content\"";
				ENABLE_PREVIEWS = YES;
				GENERATE_INFOPLIST_FILE = YES;
				INFOPLIST_KEY_UIApplicationSceneManifest_Generation = YES;
				INFOPLIST_KEY_UIApplicationSupportsIndirectInputEvents = YES;
				INFOPLIST_KEY_UILaunchScreen_Generation = YES;
				INFOPLIST_KEY_UISupportedInterfaceOrientations_iPad = "UIInterfaceOrientationPortrait UIInterfaceOrientationPortraitUpsideDown UIInterfaceOrientationLandscapeLeft UIInterfaceOrientationLandscapeRight";
				INFOPLIST_KEY_UISupportedInterfaceOrientations_iPhone = "UIInterfaceOrientationPortrait UIInterfaceOrientationLandscapeLeft UIInterfaceOrientationLandscapeRight";
				LD_RUNPATH_SEARCH_PATHS = (
					"$(inherited)",
					"@executable_path/Frameworks",
				);
				MARKETING_VERSION = 1.0;
				PRODUCT_BUNDLE_IDENTIFIER = com.softgene.Profile;
				PRODUCT_NAME = "$(TARGET_NAME)";
				SWIFT_EMIT_LOC_STRINGS = YES;
				SWIFT_VERSION = 5.0;
				TARGETED_DEVICE_FAMILY = "1,2";
			};
			name = Release;
		};
		2426F1982BECAAB800EFD304 /* Debug */ = {
			isa = XCBuildConfiguration;
			buildSettings = {
				ALWAYS_EMBED_SWIFT_STANDARD_LIBRARIES = YES;
				BUNDLE_LOADER = "$(TEST_HOST)";
				CODE_SIGN_STYLE = Automatic;
				CURRENT_PROJECT_VERSION = 1;
				GENERATE_INFOPLIST_FILE = YES;
				IPHONEOS_DEPLOYMENT_TARGET = 17.2;
				MARKETING_VERSION = 1.0;
				PRODUCT_BUNDLE_IDENTIFIER = com.softgene.ProfileTests;
				PRODUCT_NAME = "$(TARGET_NAME)";
				SWIFT_EMIT_LOC_STRINGS = NO;
				SWIFT_VERSION = 5.0;
				TARGETED_DEVICE_FAMILY = "1,2";
				TEST_HOST = "$(BUILT_PRODUCTS_DIR)/Profile.app/$(BUNDLE_EXECUTABLE_FOLDER_PATH)/Profile";
			};
			name = Debug;
		};
		2426F1992BECAAB800EFD304 /* Release */ = {
			isa = XCBuildConfiguration;
			buildSettings = {
				ALWAYS_EMBED_SWIFT_STANDARD_LIBRARIES = YES;
				BUNDLE_LOADER = "$(TEST_HOST)";
				CODE_SIGN_STYLE = Automatic;
				CURRENT_PROJECT_VERSION = 1;
				GENERATE_INFOPLIST_FILE = YES;
				IPHONEOS_DEPLOYMENT_TARGET = 17.2;
				MARKETING_VERSION = 1.0;
				PRODUCT_BUNDLE_IDENTIFIER = com.softgene.ProfileTests;
				PRODUCT_NAME = "$(TARGET_NAME)";
				SWIFT_EMIT_LOC_STRINGS = NO;
				SWIFT_VERSION = 5.0;
				TARGETED_DEVICE_FAMILY = "1,2";
				TEST_HOST = "$(BUILT_PRODUCTS_DIR)/Profile.app/$(BUNDLE_EXECUTABLE_FOLDER_PATH)/Profile";
			};
			name = Release;
		};
		2426F19B2BECAAB800EFD304 /* Debug */ = {
			isa = XCBuildConfiguration;
			buildSettings = {
				ALWAYS_EMBED_SWIFT_STANDARD_LIBRARIES = YES;
				CODE_SIGN_STYLE = Automatic;
				CURRENT_PROJECT_VERSION = 1;
				GENERATE_INFOPLIST_FILE = YES;
				MARKETING_VERSION = 1.0;
				PRODUCT_BUNDLE_IDENTIFIER = com.softgene.ProfileUITests;
				PRODUCT_NAME = "$(TARGET_NAME)";
				SWIFT_EMIT_LOC_STRINGS = NO;
				SWIFT_VERSION = 5.0;
				TARGETED_DEVICE_FAMILY = "1,2";
				TEST_TARGET_NAME = Profile;
			};
			name = Debug;
		};
		2426F19C2BECAAB800EFD304 /* Release */ = {
			isa = XCBuildConfiguration;
			buildSettings = {
				ALWAYS_EMBED_SWIFT_STANDARD_LIBRARIES = YES;
				CODE_SIGN_STYLE = Automatic;
				CURRENT_PROJECT_VERSION = 1;
				GENERATE_INFOPLIST_FILE = YES;
				MARKETING_VERSION = 1.0;
				PRODUCT_BUNDLE_IDENTIFIER = com.softgene.ProfileUITests;
				PRODUCT_NAME = "$(TARGET_NAME)";
				SWIFT_EMIT_LOC_STRINGS = NO;
				SWIFT_VERSION = 5.0;
				TARGETED_DEVICE_FAMILY = "1,2";
				TEST_TARGET_NAME = Profile;
			};
			name = Release;
		};
/* End XCBuildConfiguration section */

/* Begin XCConfigurationList section */
		2426F1692BECAAB600EFD304 /* Build configuration list for PBXProject "Profile" */ = {
			isa = XCConfigurationList;
			buildConfigurations = (
				2426F1922BECAAB800EFD304 /* Debug */,
				2426F1932BECAAB800EFD304 /* Release */,
			);
			defaultConfigurationIsVisible = 0;
			defaultConfigurationName = Release;
		};
		2426F1942BECAAB800EFD304 /* Build configuration list for PBXNativeTarget "Profile" */ = {
			isa = XCConfigurationList;
			buildConfigurations = (
				2426F1952BECAAB800EFD304 /* Debug */,
				2426F1962BECAAB800EFD304 /* Release */,
			);
			defaultConfigurationIsVisible = 0;
			defaultConfigurationName = Release;
		};
		2426F1972BECAAB800EFD304 /* Build configuration list for PBXNativeTarget "ProfileTests" */ = {
			isa = XCConfigurationList;
			buildConfigurations = (
				2426F1982BECAAB800EFD304 /* Debug */,
				2426F1992BECAAB800EFD304 /* Release */,
			);
			defaultConfigurationIsVisible = 0;
			defaultConfigurationName = Release;
		};
		2426F19A2BECAAB800EFD304 /* Build configuration list for PBXNativeTarget "ProfileUITests" */ = {
			isa = XCConfigurationList;
			buildConfigurations = (
				2426F19B2BECAAB800EFD304 /* Debug */,
				2426F19C2BECAAB800EFD304 /* Release */,
			);
			defaultConfigurationIsVisible = 0;
			defaultConfigurationName = Release;
		};
/* End XCConfigurationList section */
	};
	rootObject = 2426F1662BECAAB600EFD304 /* Project object */;
}
